
Microsoft Visual Studio Solution File, Format Version 12.00
# Visual Studio Version 16
VisualStudioVersion = 16.0.30608.117
MinimumVisualStudioVersion = 10.0.40219.1
Project("{2150E333-8FDC-42A3-9474-1A3956D46DE8}") = "src", "src", "{7213301A-981C-4251-A66D-0C0084AFD840}"
EndProject
Project("{2150E333-8FDC-42A3-9474-1A3956D46DE8}") = "tests", "tests", "{39C5B597-67BE-4FBB-9E75-DEF242032C60}"
EndProject
Project("{2150E333-8FDC-42A3-9474-1A3956D46DE8}") = "docs", "docs", "{CA3B2269-AFF2-4677-BD06-FF4BFCB0863F}"
	ProjectSection(SolutionItems) = preProject
		docs\arquitetura_aure.png = docs\arquitetura_aure.png
	EndProjectSection
EndProject
Project("{2150E333-8FDC-42A3-9474-1A3956D46DE8}") = "Solution Items", "Solution Items", "{66B97027-082E-4F0D-89AE-D857183F775F}"
	ProjectSection(SolutionItems) = preProject
		.editorconfig = .editorconfig
	EndProjectSection
EndProject
Project("{9A19103F-16F7-4668-BE54-9A1E7A4F7556}") = "VerusDate.Shared", "src\VerusDate.Shared\VerusDate.Shared.csproj", "{9CC18EAC-C52D-42FF-810D-2568EA083A39}"
EndProject
Project("{9A19103F-16F7-4668-BE54-9A1E7A4F7556}") = "VerusDate.Web", "src\VerusDate.Web\VerusDate.Web.csproj", "{BE7700D4-9B69-4034-B6DA-0E441BD252DA}"
EndProject
Project("{9A19103F-16F7-4668-BE54-9A1E7A4F7556}") = "VerusDate.Api", "src\VerusDate.Api\VerusDate.Api.csproj", "{BECEC08F-50AF-4FAD-8E58-D029118454C0}"
EndProject
Project("{9A19103F-16F7-4668-BE54-9A1E7A4F7556}") = "VerusDate.Seed", "src\VerusDate.Seed\VerusDate.Seed.csproj", "{A6033E01-EA03-4EE6-AA7E-BD808F7D8149}"
EndProject
Global
	GlobalSection(SolutionConfigurationPlatforms) = preSolution
		Debug|Any CPU = Debug|Any CPU
		Release|Any CPU = Release|Any CPU
	EndGlobalSection
	GlobalSection(ProjectConfigurationPlatforms) = postSolution
		{9CC18EAC-C52D-42FF-810D-2568EA083A39}.Debug|Any CPU.ActiveCfg = Debug|Any CPU
		{9CC18EAC-C52D-42FF-810D-2568EA083A39}.Debug|Any CPU.Build.0 = Debug|Any CPU
		{9CC18EAC-C52D-42FF-810D-2568EA083A39}.Release|Any CPU.ActiveCfg = Release|Any CPU
		{9CC18EAC-C52D-42FF-810D-2568EA083A39}.Release|Any CPU.Build.0 = Release|Any CPU
		{BE7700D4-9B69-4034-B6DA-0E441BD252DA}.Debug|Any CPU.ActiveCfg = Debug|Any CPU
		{BE7700D4-9B69-4034-B6DA-0E441BD252DA}.Debug|Any CPU.Build.0 = Debug|Any CPU
		{BE7700D4-9B69-4034-B6DA-0E441BD252DA}.Release|Any CPU.ActiveCfg = Release|Any CPU
		{BE7700D4-9B69-4034-B6DA-0E441BD252DA}.Release|Any CPU.Build.0 = Release|Any CPU
		{BECEC08F-50AF-4FAD-8E58-D029118454C0}.Debug|Any CPU.ActiveCfg = Debug|Any CPU
		{BECEC08F-50AF-4FAD-8E58-D029118454C0}.Debug|Any CPU.Build.0 = Debug|Any CPU
		{BECEC08F-50AF-4FAD-8E58-D029118454C0}.Release|Any CPU.ActiveCfg = Release|Any CPU
		{BECEC08F-50AF-4FAD-8E58-D029118454C0}.Release|Any CPU.Build.0 = Release|Any CPU
		{A6033E01-EA03-4EE6-AA7E-BD808F7D8149}.Debug|Any CPU.ActiveCfg = Debug|Any CPU
		{A6033E01-EA03-4EE6-AA7E-BD808F7D8149}.Debug|Any CPU.Build.0 = Debug|Any CPU
		{A6033E01-EA03-4EE6-AA7E-BD808F7D8149}.Release|Any CPU.ActiveCfg = Release|Any CPU
		{A6033E01-EA03-4EE6-AA7E-BD808F7D8149}.Release|Any CPU.Build.0 = Release|Any CPU
	EndGlobalSection
	GlobalSection(SolutionProperties) = preSolution
		HideSolutionNode = FALSE
	EndGlobalSection
	GlobalSection(NestedProjects) = preSolution
		{9CC18EAC-C52D-42FF-810D-2568EA083A39} = {7213301A-981C-4251-A66D-0C0084AFD840}
		{BE7700D4-9B69-4034-B6DA-0E441BD252DA} = {7213301A-981C-4251-A66D-0C0084AFD840}
		{BECEC08F-50AF-4FAD-8E58-D029118454C0} = {7213301A-981C-4251-A66D-0C0084AFD840}
		{A6033E01-EA03-4EE6-AA7E-BD808F7D8149} = {7213301A-981C-4251-A66D-0C0084AFD840}
	EndGlobalSection
	GlobalSection(ExtensibilityGlobals) = postSolution
		SolutionGuid = {98DD38E4-5025-4B3B-ACD1-584100A6F891}
	EndGlobalSection
EndGlobal
